// !$*UTF8*$!
{
	archiveVersion = 1;
	classes = {
	};
	objectVersion = 77;
	objects = {

/* Begin PBXBuildFile section */
		840A0FFF2C9D7FC10064C5E3 /* SQLite in Frameworks */ = {isa = PBXBuildFile; productRef = 840A0FFE2C9D7FC10064C5E3 /* SQLite */; };
		84CBA59C2C9E755F0048D17C /* Preview Assets.xcassets in Resources */ = {isa = PBXBuildFile; fileRef = 84CBA5922C9E755F0048D17C /* Preview Assets.xcassets */; };
		84CBA59D2C9E755F0048D17C /* Assets.xcassets in Resources */ = {isa = PBXBuildFile; fileRef = 84CBA5982C9E755F0048D17C /* Assets.xcassets */; };
		84CBA59E2C9E755F0048D17C /* ApiConfig.swift in Sources */ = {isa = PBXBuildFile; fileRef = 84CBA5892C9E755F0048D17C /* ApiConfig.swift */; };
		84CBA59F2C9E755F0048D17C /* ApiEndpoint.swift in Sources */ = {isa = PBXBuildFile; fileRef = 84CBA58A2C9E755F0048D17C /* ApiEndpoint.swift */; };
		84CBA5A02C9E755F0048D17C /* ApiNetworkRequestService.swift in Sources */ = {isa = PBXBuildFile; fileRef = 84CBA58D2C9E755F0048D17C /* ApiNetworkRequestService.swift */; };
		84CBA5A12C9E755F0048D17C /* NetworkRequestService.swift in Sources */ = {isa = PBXBuildFile; fileRef = 84CBA58E2C9E755F0048D17C /* NetworkRequestService.swift */; };
		84CBA5A22C9E755F0048D17C /* ColorPickerView.swift in Sources */ = {isa = PBXBuildFile; fileRef = 84CBA5952C9E755F0048D17C /* ColorPickerView.swift */; };
		84CBA5A32C9E755F0048D17C /* ContentView.swift in Sources */ = {isa = PBXBuildFile; fileRef = 84CBA5992C9E755F0048D17C /* ContentView.swift */; };
		84CBA5A42C9E755F0048D17C /* SwiftUiEssentialsApp.swift in Sources */ = {isa = PBXBuildFile; fileRef = 84CBA59A2C9E755F0048D17C /* SwiftUiEssentialsApp.swift */; };
		84CBA5A72C9E76010048D17C /* DatabaseManager.swift in Sources */ = {isa = PBXBuildFile; fileRef = 84CBA5A62C9E76010048D17C /* DatabaseManager.swift */; };
		84CBA5AA2C9E86090048D17C /* TodoTable.swift in Sources */ = {isa = PBXBuildFile; fileRef = 84CBA5A92C9E86090048D17C /* TodoTable.swift */; };
		84CBA5AF2C9E8B3F0048D17C /* DateUtils.swift in Sources */ = {isa = PBXBuildFile; fileRef = 84CBA5AE2C9E8B3F0048D17C /* DateUtils.swift */; };
/* End PBXBuildFile section */

/* Begin PBXFileReference section */
		840A0FE32C9D69D00064C5E3 /* SwiftUiEssentials.app */ = {isa = PBXFileReference; explicitFileType = wrapper.application; includeInIndex = 0; path = SwiftUiEssentials.app; sourceTree = BUILT_PRODUCTS_DIR; };
		84CBA5892C9E755F0048D17C /* ApiConfig.swift */ = {isa = PBXFileReference; lastKnownFileType = sourcecode.swift; path = ApiConfig.swift; sourceTree = "<group>"; };
		84CBA58A2C9E755F0048D17C /* ApiEndpoint.swift */ = {isa = PBXFileReference; lastKnownFileType = sourcecode.swift; path = ApiEndpoint.swift; sourceTree = "<group>"; };
		84CBA58D2C9E755F0048D17C /* ApiNetworkRequestService.swift */ = {isa = PBXFileReference; lastKnownFileType = sourcecode.swift; path = ApiNetworkRequestService.swift; sourceTree = "<group>"; };
		84CBA58E2C9E755F0048D17C /* NetworkRequestService.swift */ = {isa = PBXFileReference; lastKnownFileType = sourcecode.swift; path = NetworkRequestService.swift; sourceTree = "<group>"; };
		84CBA5922C9E755F0048D17C /* Preview Assets.xcassets */ = {isa = PBXFileReference; lastKnownFileType = folder.assetcatalog; path = "Preview Assets.xcassets"; sourceTree = "<group>"; };
		84CBA5952C9E755F0048D17C /* ColorPickerView.swift */ = {isa = PBXFileReference; lastKnownFileType = sourcecode.swift; path = ColorPickerView.swift; sourceTree = "<group>"; };
		84CBA5982C9E755F0048D17C /* Assets.xcassets */ = {isa = PBXFileReference; lastKnownFileType = folder.assetcatalog; path = Assets.xcassets; sourceTree = "<group>"; };
		84CBA5992C9E755F0048D17C /* ContentView.swift */ = {isa = PBXFileReference; lastKnownFileType = sourcecode.swift; path = ContentView.swift; sourceTree = "<group>"; };
		84CBA59A2C9E755F0048D17C /* SwiftUiEssentialsApp.swift */ = {isa = PBXFileReference; lastKnownFileType = sourcecode.swift; path = SwiftUiEssentialsApp.swift; sourceTree = "<group>"; };
		84CBA5A62C9E76010048D17C /* DatabaseManager.swift */ = {isa = PBXFileReference; lastKnownFileType = sourcecode.swift; path = DatabaseManager.swift; sourceTree = "<group>"; };
		84CBA5A92C9E86090048D17C /* TodoTable.swift */ = {isa = PBXFileReference; lastKnownFileType = sourcecode.swift; path = TodoTable.swift; sourceTree = "<group>"; };
		84CBA5AE2C9E8B3F0048D17C /* DateUtils.swift */ = {isa = PBXFileReference; lastKnownFileType = sourcecode.swift; path = DateUtils.swift; sourceTree = "<group>"; };
/* End PBXFileReference section */

/* Begin PBXFrameworksBuildPhase section */
		847A10242C9D269500E90EFF /* Frameworks */ = {
			isa = PBXFrameworksBuildPhase;
			buildActionMask = 2147483647;
			files = (
				840A0FFF2C9D7FC10064C5E3 /* SQLite in Frameworks */,
			);
			runOnlyForDeploymentPostprocessing = 0;
		};
/* End PBXFrameworksBuildPhase section */

/* Begin PBXGroup section */
		847A101E2C9D269500E90EFF = {
			isa = PBXGroup;
			children = (
				84CBA59B2C9E755F0048D17C /* SwiftUiEssentials */,
				840A0FE32C9D69D00064C5E3 /* SwiftUiEssentials.app */,
			);
			sourceTree = "<group>";
		};
		84CBA58B2C9E755F0048D17C /* Api */ = {
			isa = PBXGroup;
			children = (
				84CBA5892C9E755F0048D17C /* ApiConfig.swift */,
				84CBA58A2C9E755F0048D17C /* ApiEndpoint.swift */,
			);
			path = Api;
			sourceTree = "<group>";
		};
		84CBA58C2C9E755F0048D17C /* Config */ = {
			isa = PBXGroup;
			children = (
				84CBA58B2C9E755F0048D17C /* Api */,
			);
			path = Config;
			sourceTree = "<group>";
		};
		84CBA58F2C9E755F0048D17C /* NetworkService */ = {
			isa = PBXGroup;
			children = (
				84CBA58D2C9E755F0048D17C /* ApiNetworkRequestService.swift */,
				84CBA58E2C9E755F0048D17C /* NetworkRequestService.swift */,
			);
			path = NetworkService;
			sourceTree = "<group>";
		};
		84CBA5902C9E755F0048D17C /* Services */ = {
			isa = PBXGroup;
			children = (
				84CBA58F2C9E755F0048D17C /* NetworkService */,
			);
			path = Services;
			sourceTree = "<group>";
		};
		84CBA5912C9E755F0048D17C /* Core */ = {
			isa = PBXGroup;
			children = (
				84CBA58C2C9E755F0048D17C /* Config */,
				84CBA5902C9E755F0048D17C /* Services */,
			);
			path = Core;
			sourceTree = "<group>";
		};
		84CBA5932C9E755F0048D17C /* Preview Content */ = {
			isa = PBXGroup;
			children = (
				84CBA5922C9E755F0048D17C /* Preview Assets.xcassets */,
			);
			path = "Preview Content";
			sourceTree = "<group>";
		};
		84CBA5942C9E755F0048D17C /* Features */ = {
			isa = PBXGroup;
			children = (
			);
			path = Features;
			sourceTree = "<group>";
		};
		84CBA5962C9E755F0048D17C /* Shared */ = {
			isa = PBXGroup;
			children = (
				84CBA5952C9E755F0048D17C /* ColorPickerView.swift */,
			);
			path = Shared;
			sourceTree = "<group>";
		};
		84CBA5972C9E755F0048D17C /* Ui */ = {
			isa = PBXGroup;
			children = (
				84CBA5942C9E755F0048D17C /* Features */,
				84CBA5962C9E755F0048D17C /* Shared */,
			);
			path = Ui;
			sourceTree = "<group>";
		};
		84CBA59B2C9E755F0048D17C /* SwiftUiEssentials */ = {
			isa = PBXGroup;
			children = (
				84CBA5AB2C9E8AD00048D17C /* Utils */,
				84CBA5912C9E755F0048D17C /* Core */,
				84CBA5A52C9E75730048D17C /* Database */,
				84CBA5972C9E755F0048D17C /* Ui */,
				84CBA59A2C9E755F0048D17C /* SwiftUiEssentialsApp.swift */,
				84CBA5932C9E755F0048D17C /* Preview Content */,
				84CBA5982C9E755F0048D17C /* Assets.xcassets */,
				84CBA5992C9E755F0048D17C /* ContentView.swift */,
			);
			path = SwiftUiEssentials;
			sourceTree = "<group>";
		};
		84CBA5A52C9E75730048D17C /* Database */ = {
			isa = PBXGroup;
			children = (
				84CBA5A82C9E85F30048D17C /* Tables */,
				84CBA5A62C9E76010048D17C /* DatabaseManager.swift */,
			);
			path = Database;
			sourceTree = "<group>";
		};
		84CBA5A82C9E85F30048D17C /* Tables */ = {
			isa = PBXGroup;
			children = (
				84CBA5A92C9E86090048D17C /* TodoTable.swift */,
			);
			path = Tables;
			sourceTree = "<group>";
		};
		84CBA5AB2C9E8AD00048D17C /* Utils */ = {
			isa = PBXGroup;
			children = (
				84CBA5AE2C9E8B3F0048D17C /* DateUtils.swift */,
			);
			path = Utils;
			sourceTree = "<group>";
		};
/* End PBXGroup section */

/* Begin PBXNativeTarget section */
		847A10262C9D269500E90EFF /* SwiftUiEssentials */ = {
			isa = PBXNativeTarget;
			buildConfigurationList = 847A10352C9D269600E90EFF /* Build configuration list for PBXNativeTarget "SwiftUiEssentials" */;
			buildPhases = (
				847A10232C9D269500E90EFF /* Sources */,
				847A10242C9D269500E90EFF /* Frameworks */,
				847A10252C9D269500E90EFF /* Resources */,
			);
			buildRules = (
			);
			dependencies = (
			);
			name = SwiftUiEssentials;
			packageProductDependencies = (
				840A0FFE2C9D7FC10064C5E3 /* SQLite */,
			);
			productName = SwiftUiEssentials;
			productReference = 840A0FE32C9D69D00064C5E3 /* SwiftUiEssentials.app */;
			productType = "com.apple.product-type.application";
		};
/* End PBXNativeTarget section */

/* Begin PBXProject section */
		847A101F2C9D269500E90EFF /* Project object */ = {
			isa = PBXProject;
			attributes = {
				BuildIndependentTargetsInParallel = 1;
				LastSwiftUpdateCheck = 1600;
				LastUpgradeCheck = 1600;
				TargetAttributes = {
					847A10262C9D269500E90EFF = {
						CreatedOnToolsVersion = 16.0;
					};
				};
			};
			buildConfigurationList = 847A10222C9D269500E90EFF /* Build configuration list for PBXProject "SwiftUiEssentials" */;
			developmentRegion = en;
			hasScannedForEncodings = 0;
			knownRegions = (
				en,
				Base,
			);
			mainGroup = 847A101E2C9D269500E90EFF;
			minimizedProjectReferenceProxies = 1;
			packageReferences = (
				840A0FFD2C9D7FC10064C5E3 /* XCRemoteSwiftPackageReference "SQLite.swift" */,
			);
			preferredProjectObjectVersion = 77;
			productRefGroup = 847A101E2C9D269500E90EFF;
			projectDirPath = "";
			projectRoot = "";
			targets = (
				847A10262C9D269500E90EFF /* SwiftUiEssentials */,
			);
		};
/* End PBXProject section */

/* Begin PBXResourcesBuildPhase section */
		847A10252C9D269500E90EFF /* Resources */ = {
			isa = PBXResourcesBuildPhase;
			buildActionMask = 2147483647;
			files = (
				84CBA59C2C9E755F0048D17C /* Preview Assets.xcassets in Resources */,
				84CBA59D2C9E755F0048D17C /* Assets.xcassets in Resources */,
			);
			runOnlyForDeploymentPostprocessing = 0;
		};
/* End PBXResourcesBuildPhase section */

/* Begin PBXSourcesBuildPhase section */
		847A10232C9D269500E90EFF /* Sources */ = {
			isa = PBXSourcesBuildPhase;
			buildActionMask = 2147483647;
			files = (
				84CBA5AA2C9E86090048D17C /* TodoTable.swift in Sources */,
				84CBA5A72C9E76010048D17C /* DatabaseManager.swift in Sources */,
				84CBA59E2C9E755F0048D17C /* ApiConfig.swift in Sources */,
				84CBA59F2C9E755F0048D17C /* ApiEndpoint.swift in Sources */,
				84CBA5A02C9E755F0048D17C /* ApiNetworkRequestService.swift in Sources */,
				84CBA5A12C9E755F0048D17C /* NetworkRequestService.swift in Sources */,
				84CBA5AF2C9E8B3F0048D17C /* DateUtils.swift in Sources */,
				84CBA5A22C9E755F0048D17C /* ColorPickerView.swift in Sources */,
				84CBA5A32C9E755F0048D17C /* ContentView.swift in Sources */,
				84CBA5A42C9E755F0048D17C /* SwiftUiEssentialsApp.swift in Sources */,
			);
			runOnlyForDeploymentPostprocessing = 0;
		};
/* End PBXSourcesBuildPhase section */

/* Begin XCBuildConfiguration section */
		847A10332C9D269600E90EFF /* Debug */ = {
			isa = XCBuildConfiguration;
			buildSettings = {
				ALWAYS_SEARCH_USER_PATHS = NO;
				ASSETCATALOG_COMPILER_GENERATE_SWIFT_ASSET_SYMBOL_EXTENSIONS = YES;
				CLANG_ANALYZER_NONNULL = YES;
				CLANG_ANALYZER_NUMBER_OBJECT_CONVERSION = YES_AGGRESSIVE;
				CLANG_CXX_LANGUAGE_STANDARD = "gnu++20";
				CLANG_ENABLE_MODULES = YES;
				CLANG_ENABLE_OBJC_ARC = YES;
				CLANG_ENABLE_OBJC_WEAK = YES;
				CLANG_WARN_BLOCK_CAPTURE_AUTORELEASING = YES;
				CLANG_WARN_BOOL_CONVERSION = YES;
				CLANG_WARN_COMMA = YES;
				CLANG_WARN_CONSTANT_CONVERSION = YES;
				CLANG_WARN_DEPRECATED_OBJC_IMPLEMENTATIONS = YES;
				CLANG_WARN_DIRECT_OBJC_ISA_USAGE = YES_ERROR;
				CLANG_WARN_DOCUMENTATION_COMMENTS = YES;
				CLANG_WARN_EMPTY_BODY = YES;
				CLANG_WARN_ENUM_CONVERSION = YES;
				CLANG_WARN_INFINITE_RECURSION = YES;
				CLANG_WARN_INT_CONVERSION = YES;
				CLANG_WARN_NON_LITERAL_NULL_CONVERSION = YES;
				CLANG_WARN_OBJC_IMPLICIT_RETAIN_SELF = YES;
				CLANG_WARN_OBJC_LITERAL_CONVERSION = YES;
				CLANG_WARN_OBJC_ROOT_CLASS = YES_ERROR;
				CLANG_WARN_QUOTED_INCLUDE_IN_FRAMEWORK_HEADER = YES;
				CLANG_WARN_RANGE_LOOP_ANALYSIS = YES;
				CLANG_WARN_STRICT_PROTOTYPES = YES;
				CLANG_WARN_SUSPICIOUS_MOVE = YES;
				CLANG_WARN_UNGUARDED_AVAILABILITY = YES_AGGRESSIVE;
				CLANG_WARN_UNREACHABLE_CODE = YES;
				CLANG_WARN__DUPLICATE_METHOD_MATCH = YES;
				COPY_PHASE_STRIP = NO;
				DEBUG_INFORMATION_FORMAT = dwarf;
				ENABLE_STRICT_OBJC_MSGSEND = YES;
				ENABLE_TESTABILITY = YES;
				ENABLE_USER_SCRIPT_SANDBOXING = YES;
				GCC_C_LANGUAGE_STANDARD = gnu17;
				GCC_DYNAMIC_NO_PIC = NO;
				GCC_NO_COMMON_BLOCKS = YES;
				GCC_OPTIMIZATION_LEVEL = 0;
				GCC_PREPROCESSOR_DEFINITIONS = (
					"DEBUG=1",
					"$(inherited)",
				);
				GCC_WARN_64_TO_32_BIT_CONVERSION = YES;
				GCC_WARN_ABOUT_RETURN_TYPE = YES_ERROR;
				GCC_WARN_UNDECLARED_SELECTOR = YES;
				GCC_WARN_UNINITIALIZED_AUTOS = YES_AGGRESSIVE;
				GCC_WARN_UNUSED_FUNCTION = YES;
				GCC_WARN_UNUSED_VARIABLE = YES;
				IPHONEOS_DEPLOYMENT_TARGET = 18.0;
				LOCALIZATION_PREFERS_STRING_CATALOGS = YES;
				MTL_ENABLE_DEBUG_INFO = INCLUDE_SOURCE;
				MTL_FAST_MATH = YES;
				ONLY_ACTIVE_ARCH = YES;
				SDKROOT = iphoneos;
				SWIFT_ACTIVE_COMPILATION_CONDITIONS = "DEBUG $(inherited)";
				SWIFT_OPTIMIZATION_LEVEL = "-Onone";
			};
			name = Debug;
		};
		847A10342C9D269600E90EFF /* Release */ = {
			isa = XCBuildConfiguration;
			buildSettings = {
				ALWAYS_SEARCH_USER_PATHS = NO;
				ASSETCATALOG_COMPILER_GENERATE_SWIFT_ASSET_SYMBOL_EXTENSIONS = YES;
				CLANG_ANALYZER_NONNULL = YES;
				CLANG_ANALYZER_NUMBER_OBJECT_CONVERSION = YES_AGGRESSIVE;
				CLANG_CXX_LANGUAGE_STANDARD = "gnu++20";
				CLANG_ENABLE_MODULES = YES;
				CLANG_ENABLE_OBJC_ARC = YES;
				CLANG_ENABLE_OBJC_WEAK = YES;
				CLANG_WARN_BLOCK_CAPTURE_AUTORELEASING = YES;
				CLANG_WARN_BOOL_CONVERSION = YES;
				CLANG_WARN_COMMA = YES;
				CLANG_WARN_CONSTANT_CONVERSION = YES;
				CLANG_WARN_DEPRECATED_OBJC_IMPLEMENTATIONS = YES;
				CLANG_WARN_DIRECT_OBJC_ISA_USAGE = YES_ERROR;
				CLANG_WARN_DOCUMENTATION_COMMENTS = YES;
				CLANG_WARN_EMPTY_BODY = YES;
				CLANG_WARN_ENUM_CONVERSION = YES;
				CLANG_WARN_INFINITE_RECURSION = YES;
				CLANG_WARN_INT_CONVERSION = YES;
				CLANG_WARN_NON_LITERAL_NULL_CONVERSION = YES;
				CLANG_WARN_OBJC_IMPLICIT_RETAIN_SELF = YES;
				CLANG_WARN_OBJC_LITERAL_CONVERSION = YES;
				CLANG_WARN_OBJC_ROOT_CLASS = YES_ERROR;
				CLANG_WARN_QUOTED_INCLUDE_IN_FRAMEWORK_HEADER = YES;
				CLANG_WARN_RANGE_LOOP_ANALYSIS = YES;
				CLANG_WARN_STRICT_PROTOTYPES = YES;
				CLANG_WARN_SUSPICIOUS_MOVE = YES;
				CLANG_WARN_UNGUARDED_AVAILABILITY = YES_AGGRESSIVE;
				CLANG_WARN_UNREACHABLE_CODE = YES;
				CLANG_WARN__DUPLICATE_METHOD_MATCH = YES;
				COPY_PHASE_STRIP = NO;
				DEBUG_INFORMATION_FORMAT = "dwarf-with-dsym";
				ENABLE_NS_ASSERTIONS = NO;
				ENABLE_STRICT_OBJC_MSGSEND = YES;
				ENABLE_USER_SCRIPT_SANDBOXING = YES;
				GCC_C_LANGUAGE_STANDARD = gnu17;
				GCC_NO_COMMON_BLOCKS = YES;
				GCC_WARN_64_TO_32_BIT_CONVERSION = YES;
				GCC_WARN_ABOUT_RETURN_TYPE = YES_ERROR;
				GCC_WARN_UNDECLARED_SELECTOR = YES;
				GCC_WARN_UNINITIALIZED_AUTOS = YES_AGGRESSIVE;
				GCC_WARN_UNUSED_FUNCTION = YES;
				GCC_WARN_UNUSED_VARIABLE = YES;
				IPHONEOS_DEPLOYMENT_TARGET = 18.0;
				LOCALIZATION_PREFERS_STRING_CATALOGS = YES;
				MTL_ENABLE_DEBUG_INFO = NO;
				MTL_FAST_MATH = YES;
				SDKROOT = iphoneos;
				SWIFT_COMPILATION_MODE = wholemodule;
				VALIDATE_PRODUCT = YES;
			};
			name = Release;
		};
		847A10362C9D269600E90EFF /* Debug */ = {
			isa = XCBuildConfiguration;
			buildSettings = {
				ASSETCATALOG_COMPILER_APPICON_NAME = AppIcon;
				ASSETCATALOG_COMPILER_GLOBAL_ACCENT_COLOR_NAME = AccentColor;
				CODE_SIGN_STYLE = Automatic;
				CURRENT_PROJECT_VERSION = 1;
				DEVELOPMENT_ASSET_PATHS = "\"SwiftUiEssentials/Preview Content\"";
				ENABLE_PREVIEWS = YES;
				GENERATE_INFOPLIST_FILE = YES;
				INFOPLIST_KEY_UIApplicationSceneManifest_Generation = YES;
				INFOPLIST_KEY_UIApplicationSupportsIndirectInputEvents = YES;
				INFOPLIST_KEY_UILaunchScreen_Generation = YES;
				INFOPLIST_KEY_UISupportedInterfaceOrientations_iPad = "UIInterfaceOrientationPortrait UIInterfaceOrientationPortraitUpsideDown UIInterfaceOrientationLandscapeLeft UIInterfaceOrientationLandscapeRight";
				INFOPLIST_KEY_UISupportedInterfaceOrientations_iPhone = "UIInterfaceOrientationPortrait UIInterfaceOrientationLandscapeLeft UIInterfaceOrientationLandscapeRight";
				LD_RUNPATH_SEARCH_PATHS = (
					"$(inherited)",
					"@executable_path/Frameworks",
				);
				MARKETING_VERSION = 1.0;
				PRODUCT_BUNDLE_IDENTIFIER = com.itheamc.SwiftUiEssentials;
				PRODUCT_NAME = "$(TARGET_NAME)";
				SWIFT_EMIT_LOC_STRINGS = YES;
				SWIFT_VERSION = 5.0;
				TARGETED_DEVICE_FAMILY = "1,2";
			};
			name = Debug;
		};
		847A10372C9D269600E90EFF /* Release */ = {
			isa = XCBuildConfiguration;
			buildSettings = {
				ASSETCATALOG_COMPILER_APPICON_NAME = AppIcon;
				ASSETCATALOG_COMPILER_GLOBAL_ACCENT_COLOR_NAME = AccentColor;
				CODE_SIGN_STYLE = Automatic;
				CURRENT_PROJECT_VERSION = 1;
				DEVELOPMENT_ASSET_PATHS = "\"SwiftUiEssentials/Preview Content\"";
				ENABLE_PREVIEWS = YES;
				GENERATE_INFOPLIST_FILE = YES;
				INFOPLIST_KEY_UIApplicationSceneManifest_Generation = YES;
				INFOPLIST_KEY_UIApplicationSupportsIndirectInputEvents = YES;
				INFOPLIST_KEY_UILaunchScreen_Generation = YES;
				INFOPLIST_KEY_UISupportedInterfaceOrientations_iPad = "UIInterfaceOrientationPortrait UIInterfaceOrientationPortraitUpsideDown UIInterfaceOrientationLandscapeLeft UIInterfaceOrientationLandscapeRight";
				INFOPLIST_KEY_UISupportedInterfaceOrientations_iPhone = "UIInterfaceOrientationPortrait UIInterfaceOrientationLandscapeLeft UIInterfaceOrientationLandscapeRight";
				LD_RUNPATH_SEARCH_PATHS = (
					"$(inherited)",
					"@executable_path/Frameworks",
				);
				MARKETING_VERSION = 1.0;
				PRODUCT_BUNDLE_IDENTIFIER = com.itheamc.SwiftUiEssentials;
				PRODUCT_NAME = "$(TARGET_NAME)";
				SWIFT_EMIT_LOC_STRINGS = YES;
				SWIFT_VERSION = 5.0;
				TARGETED_DEVICE_FAMILY = "1,2";
			};
			name = Release;
		};
/* End XCBuildConfiguration section */

/* Begin XCConfigurationList section */
		847A10222C9D269500E90EFF /* Build configuration list for PBXProject "SwiftUiEssentials" */ = {
			isa = XCConfigurationList;
			buildConfigurations = (
				847A10332C9D269600E90EFF /* Debug */,
				847A10342C9D269600E90EFF /* Release */,
			);
			defaultConfigurationIsVisible = 0;
			defaultConfigurationName = Release;
		};
		847A10352C9D269600E90EFF /* Build configuration list for PBXNativeTarget "SwiftUiEssentials" */ = {
			isa = XCConfigurationList;
			buildConfigurations = (
				847A10362C9D269600E90EFF /* Debug */,
				847A10372C9D269600E90EFF /* Release */,
			);
			defaultConfigurationIsVisible = 0;
			defaultConfigurationName = Release;
		};
/* End XCConfigurationList section */

/* Begin XCRemoteSwiftPackageReference section */
		840A0FFD2C9D7FC10064C5E3 /* XCRemoteSwiftPackageReference "SQLite.swift" */ = {
			isa = XCRemoteSwiftPackageReference;
			repositoryURL = "https://github.com/stephencelis/SQLite.swift.git";
			requirement = {
				kind = upToNextMajorVersion;
				minimumVersion = 0.15.3;
			};
		};
/* End XCRemoteSwiftPackageReference section */

/* Begin XCSwiftPackageProductDependency section */
		840A0FFE2C9D7FC10064C5E3 /* SQLite */ = {
			isa = XCSwiftPackageProductDependency;
			package = 840A0FFD2C9D7FC10064C5E3 /* XCRemoteSwiftPackageReference "SQLite.swift" */;
			productName = SQLite;
		};
/* End XCSwiftPackageProductDependency section */
	};
	rootObject = 847A101F2C9D269500E90EFF /* Project object */;
}
